
Microsoft Visual Studio Solution File, Format Version 12.00
# Visual Studio Version 16
VisualStudioVersion = 16.0.30717.126
MinimumVisualStudioVersion = 10.0.40219.1
Project("{9A19103F-16F7-4668-BE54-9A1E7A4F7556}") = "ServerApp", "ServerApp\ServerApp.csproj", "{FE547591-B000-4AEA-9BDD-E2DA24C08FE4}"
EndProject
Project("{9A19103F-16F7-4668-BE54-9A1E7A4F7556}") = "ClientApp", "..\ClientApp\ClientApp\ClientApp.csproj", "{6D1CE158-3523-4413-B27C-06D8E7018C10}"
EndProject
Global
	GlobalSection(SolutionConfigurationPlatforms) = preSolution
		Debug|Any CPU = Debug|Any CPU
		Release|Any CPU = Release|Any CPU
	EndGlobalSection
	GlobalSection(ProjectConfigurationPlatforms) = postSolution
		{FE547591-B000-4AEA-9BDD-E2DA24C08FE4}.Debug|Any CPU.ActiveCfg = Debug|Any CPU
		{FE547591-B000-4AEA-9BDD-E2DA24C08FE4}.Debug|Any CPU.Build.0 = Debug|Any CPU
		{FE547591-B000-4AEA-9BDD-E2DA24C08FE4}.Release|Any CPU.ActiveCfg = Release|Any CPU
		{FE547591-B000-4AEA-9BDD-E2DA24C08FE4}.Release|Any CPU.Build.0 = Release|Any CPU
		{6D1CE158-3523-4413-B27C-06D8E7018C10}.Debug|Any CPU.ActiveCfg = Debug|Any CPU
		{6D1CE158-3523-4413-B27C-06D8E7018C10}.Debug|Any CPU.Build.0 = Debug|Any CPU
		{6D1CE158-3523-4413-B27C-06D8E7018C10}.Release|Any CPU.ActiveCfg = Release|Any CPU
		{6D1CE158-3523-4413-B27C-06D8E7018C10}.Release|Any CPU.Build.0 = Release|Any CPU
	EndGlobalSection
	GlobalSection(SolutionProperties) = preSolution
		HideSolutionNode = FALSE
	EndGlobalSection
	GlobalSection(ExtensibilityGlobals) = postSolution
		SolutionGuid = {D8F69D40-2C15-4A4C-B4FF-4384259F64D4}
	EndGlobalSection
EndGlobal
